
Microsoft Visual Studio Solution File, Format Version 12.00
# Visual Studio 15
Project("{FAE04EC0-301F-11D3-BF4B-00C04F79EFBC}") = "sphere-islands-pre", "sphere-islands-pre.csproj", "{38E17A43-71A5-AD2B-FD9D-38299D02C0EB}"
EndProject
Project("{FAE04EC0-301F-11D3-BF4B-00C04F79EFBC}") = "sphere-islands-pre.Editor", "sphere-islands-pre.Editor.csproj", "{732F76A4-1110-2405-879E-2BA094A28626}"
EndProject
Global
	GlobalSection(SolutionConfigurationPlatforms) = preSolution
		Debug|Any CPU = Debug|Any CPU
		Release|Any CPU = Release|Any CPU
	EndGlobalSection
	GlobalSection(ProjectConfigurationPlatforms) = postSolution
		{38E17A43-71A5-AD2B-FD9D-38299D02C0EB}.Debug|Any CPU.ActiveCfg = Debug|Any CPU
		{38E17A43-71A5-AD2B-FD9D-38299D02C0EB}.Debug|Any CPU.Build.0 = Debug|Any CPU
		{38E17A43-71A5-AD2B-FD9D-38299D02C0EB}.Release|Any CPU.ActiveCfg = Release|Any CPU
		{38E17A43-71A5-AD2B-FD9D-38299D02C0EB}.Release|Any CPU.Build.0 = Release|Any CPU
		{732F76A4-1110-2405-879E-2BA094A28626}.Debug|Any CPU.ActiveCfg = Debug|Any CPU
		{732F76A4-1110-2405-879E-2BA094A28626}.Debug|Any CPU.Build.0 = Debug|Any CPU
		{732F76A4-1110-2405-879E-2BA094A28626}.Release|Any CPU.ActiveCfg = Release|Any CPU
		{732F76A4-1110-2405-879E-2BA094A28626}.Release|Any CPU.Build.0 = Release|Any CPU
	EndGlobalSection
	GlobalSection(SolutionProperties) = preSolution
		HideSolutionNode = FALSE
	EndGlobalSection
EndGlobal
